
Microsoft Visual Studio Solution File, Format Version 12.00
# Visual Studio 15
Project("{FAE04EC0-301F-11D3-BF4B-00C04F79EFBC}") = "Basic Car Setup", "Assembly-CSharp.csproj", "{108F47E5-F19A-CAE8-222A-E3207702B4D4}"
EndProject
Project("{FAE04EC0-301F-11D3-BF4B-00C04F79EFBC}") = "Basic Car Setup", "Assembly-CSharp-firstpass.csproj", "{2A41BC5D-EACC-85D3-CDFB-4406E5C3D61F}"
EndProject
Project("{FAE04EC0-301F-11D3-BF4B-00C04F79EFBC}") = "Basic Car Setup", "Assembly-CSharp-Editor-firstpass.csproj", "{A491AD34-7B98-EC97-2619-F3FA1FE38969}"
EndProject
Global
	GlobalSection(SolutionConfigurationPlatforms) = preSolution
		Debug|Any CPU = Debug|Any CPU
		Release|Any CPU = Release|Any CPU
	EndGlobalSection
	GlobalSection(ProjectConfigurationPlatforms) = postSolution
		{108F47E5-F19A-CAE8-222A-E3207702B4D4}.Debug|Any CPU.ActiveCfg = Debug|Any CPU
		{108F47E5-F19A-CAE8-222A-E3207702B4D4}.Debug|Any CPU.Build.0 = Debug|Any CPU
		{108F47E5-F19A-CAE8-222A-E3207702B4D4}.Release|Any CPU.ActiveCfg = Release|Any CPU
		{108F47E5-F19A-CAE8-222A-E3207702B4D4}.Release|Any CPU.Build.0 = Release|Any CPU
		{2A41BC5D-EACC-85D3-CDFB-4406E5C3D61F}.Debug|Any CPU.ActiveCfg = Debug|Any CPU
		{2A41BC5D-EACC-85D3-CDFB-4406E5C3D61F}.Debug|Any CPU.Build.0 = Debug|Any CPU
		{2A41BC5D-EACC-85D3-CDFB-4406E5C3D61F}.Release|Any CPU.ActiveCfg = Release|Any CPU
		{2A41BC5D-EACC-85D3-CDFB-4406E5C3D61F}.Release|Any CPU.Build.0 = Release|Any CPU
		{A491AD34-7B98-EC97-2619-F3FA1FE38969}.Debug|Any CPU.ActiveCfg = Debug|Any CPU
		{A491AD34-7B98-EC97-2619-F3FA1FE38969}.Debug|Any CPU.Build.0 = Debug|Any CPU
		{A491AD34-7B98-EC97-2619-F3FA1FE38969}.Release|Any CPU.ActiveCfg = Release|Any CPU
		{A491AD34-7B98-EC97-2619-F3FA1FE38969}.Release|Any CPU.Build.0 = Release|Any CPU
	EndGlobalSection
	GlobalSection(SolutionProperties) = preSolution
		HideSolutionNode = FALSE
	EndGlobalSection
EndGlobal
