
Microsoft Visual Studio Solution File, Format Version 12.00
# Visual Studio 15
Project("{FAE04EC0-301F-11D3-BF4B-00C04F79EFBC}") = "Basic Vr Setup", "Assembly-CSharp.csproj", "{F10E82CC-E691-57A5-7067-3DE8DEBCC3A7}"
EndProject
Project("{FAE04EC0-301F-11D3-BF4B-00C04F79EFBC}") = "Basic Vr Setup", "Assembly-CSharp-Editor.csproj", "{3FBEBB1C-3A65-D45E-FD18-6A6D73363637}"
EndProject
Global
	GlobalSection(SolutionConfigurationPlatforms) = preSolution
		Debug|Any CPU = Debug|Any CPU
		Release|Any CPU = Release|Any CPU
	EndGlobalSection
	GlobalSection(ProjectConfigurationPlatforms) = postSolution
		{F10E82CC-E691-57A5-7067-3DE8DEBCC3A7}.Debug|Any CPU.ActiveCfg = Debug|Any CPU
		{F10E82CC-E691-57A5-7067-3DE8DEBCC3A7}.Debug|Any CPU.Build.0 = Debug|Any CPU
		{F10E82CC-E691-57A5-7067-3DE8DEBCC3A7}.Release|Any CPU.ActiveCfg = Release|Any CPU
		{F10E82CC-E691-57A5-7067-3DE8DEBCC3A7}.Release|Any CPU.Build.0 = Release|Any CPU
		{3FBEBB1C-3A65-D45E-FD18-6A6D73363637}.Debug|Any CPU.ActiveCfg = Debug|Any CPU
		{3FBEBB1C-3A65-D45E-FD18-6A6D73363637}.Debug|Any CPU.Build.0 = Debug|Any CPU
		{3FBEBB1C-3A65-D45E-FD18-6A6D73363637}.Release|Any CPU.ActiveCfg = Release|Any CPU
		{3FBEBB1C-3A65-D45E-FD18-6A6D73363637}.Release|Any CPU.Build.0 = Release|Any CPU
	EndGlobalSection
	GlobalSection(SolutionProperties) = preSolution
		HideSolutionNode = FALSE
	EndGlobalSection
EndGlobal
