
Microsoft Visual Studio Solution File, Format Version 12.00
# Visual Studio 15
Project("{FAE04EC0-301F-11D3-BF4B-00C04F79EFBC}") = "VR Shooter Game", "Assembly-CSharp.csproj", "{99B7D809-88EA-9D1F-9F4D-CD04EA406D0E}"
EndProject
Project("{FAE04EC0-301F-11D3-BF4B-00C04F79EFBC}") = "VR Shooter Game", "Assembly-CSharp-Editor.csproj", "{CD3479D3-41FD-2820-2B60-50EE318FD756}"
EndProject
Global
	GlobalSection(SolutionConfigurationPlatforms) = preSolution
		Debug|Any CPU = Debug|Any CPU
		Release|Any CPU = Release|Any CPU
	EndGlobalSection
	GlobalSection(ProjectConfigurationPlatforms) = postSolution
		{99B7D809-88EA-9D1F-9F4D-CD04EA406D0E}.Debug|Any CPU.ActiveCfg = Debug|Any CPU
		{99B7D809-88EA-9D1F-9F4D-CD04EA406D0E}.Debug|Any CPU.Build.0 = Debug|Any CPU
		{99B7D809-88EA-9D1F-9F4D-CD04EA406D0E}.Release|Any CPU.ActiveCfg = Release|Any CPU
		{99B7D809-88EA-9D1F-9F4D-CD04EA406D0E}.Release|Any CPU.Build.0 = Release|Any CPU
		{CD3479D3-41FD-2820-2B60-50EE318FD756}.Debug|Any CPU.ActiveCfg = Debug|Any CPU
		{CD3479D3-41FD-2820-2B60-50EE318FD756}.Debug|Any CPU.Build.0 = Debug|Any CPU
		{CD3479D3-41FD-2820-2B60-50EE318FD756}.Release|Any CPU.ActiveCfg = Release|Any CPU
		{CD3479D3-41FD-2820-2B60-50EE318FD756}.Release|Any CPU.Build.0 = Release|Any CPU
	EndGlobalSection
	GlobalSection(SolutionProperties) = preSolution
		HideSolutionNode = FALSE
	EndGlobalSection
EndGlobal
